# This file is automatically @generated by Poetry and should not be changed by hand.

[[package]]
name = "autopep8"
version = "2.0.1"
description = "A tool that automatically formats Python code to conform to the PEP 8 style guide"
category = "dev"
optional = false
python-versions = ">=3.6"
files = [
    {file = "autopep8-2.0.1-py2.py3-none-any.whl", hash = "sha256:be5bc98c33515b67475420b7b1feafc8d32c1a69862498eda4983b45bffd2687"},
    {file = "autopep8-2.0.1.tar.gz", hash = "sha256:d27a8929d8dcd21c0f4b3859d2d07c6c25273727b98afc984c039df0f0d86566"},
]

[package.dependencies]
pycodestyle = ">=2.10.0"

[[package]]
name = "dearpygui"
version = "1.8.0"
description = "DearPyGui: A simple Python GUI Toolkit"
category = "main"
optional = false
python-versions = ">=3.7"
files = [
    {file = "dearpygui-1.8.0-cp310-cp310-macosx_10_6_x86_64.whl", hash = "sha256:bbad360b80a29a2deb40a8a2f73aa17fee1c5e817035e590509e067f3dc531d3"},
    {file = "dearpygui-1.8.0-cp310-cp310-macosx_11_0_arm64.whl", hash = "sha256:dabeff583800aea84bc537ab188a87398ed9e5e0537cc3e37fdc6e59d6b40495"},
    {file = "dearpygui-1.8.0-cp310-cp310-manylinux1_x86_64.whl", hash = "sha256:7e93c41d64d884e1d9e8c6f991d51e4ed9dd9792f609d9a6f7399059c29d1706"},
    {file = "dearpygui-1.8.0-cp310-cp310-win_amd64.whl", hash = "sha256:55006836de1d1a30ae6c03dd794d1798a4e9942b78f1239802afac4673c3fa38"},
    {file = "dearpygui-1.8.0-cp311-cp311-macosx_10_6_x86_64.whl", hash = "sha256:cf5b76bbefa1348e5bf53a68cd7a1d24768819e0e9b5535168b378830a20b6c1"},
    {file = "dearpygui-1.8.0-cp311-cp311-macosx_11_0_arm64.whl", hash = "sha256:dfe7c746ab87b57ef84495462b36b0533435b3b6a94d241af7fe9219f54744f6"},
    {file = "dearpygui-1.8.0-cp311-cp311-manylinux1_x86_64.whl", hash = "sha256:fe7ef89b9bd9ac34ab865b488b11fee5537767b63cedb436633054bd39bfc46e"},
    {file = "dearpygui-1.8.0-cp311-cp311-win_amd64.whl", hash = "sha256:82c1ebd00d747e2c6d35eabaaacc851d29b38b49aad8f7726b6339aca2045aa2"},
    {file = "dearpygui-1.8.0-cp37-cp37m-macosx_10_6_x86_64.whl", hash = "sha256:476748dbaaf1d4749959e6192218d64c700bd4a06c1a5d26a77b1b1ef49ca7ab"},
    {file = "dearpygui-1.8.0-cp37-cp37m-manylinux1_x86_64.whl", hash = "sha256:8ad1cc0a4af84e146f5191e86e54dcadff5a0863ae935ae34168af840848f0ab"},
    {file = "dearpygui-1.8.0-cp37-cp37m-win_amd64.whl", hash = "sha256:e2cf13789ca6b91d56f1d83cfadc59ae21044bea0d19ff9d3c9b445d7ec05c8b"},
    {file = "dearpygui-1.8.0-cp38-cp38-macosx_10_6_x86_64.whl", hash = "sha256:0cc9ce8c3b4ad324c8e224a6e483ad7d6c7919ab758c3bbeccaea75bb414f727"},
    {file = "dearpygui-1.8.0-cp38-cp38-manylinux1_x86_64.whl", hash = "sha256:71e447e4f05200aae6839c45fccc08291c8e6b32540a4cf45f58e08cb1a0cf61"},
    {file = "dearpygui-1.8.0-cp38-cp38-win_amd64.whl", hash = "sha256:f4637d217e0c773899947b73372e8685e45818af98e97838bee2c89a82d40c92"},
    {file = "dearpygui-1.8.0-cp39-cp39-macosx_10_6_x86_64.whl", hash = "sha256:2ec09455e38e9b0ed182a4933b76a9fd6c3300aebe3d87c2b0cffe70c5b77b07"},
    {file = "dearpygui-1.8.0-cp39-cp39-macosx_11_0_arm64.whl", hash = "sha256:14ccf3cb6d877454a7943797e946e2b0f28ba7682e1cd876dac0a388853b01f8"},
    {file = "dearpygui-1.8.0-cp39-cp39-manylinux1_x86_64.whl", hash = "sha256:525849a1217ee1f78c7321a54cb5d2ffb5a80a55e25da5ceeb83ca5cc21b99e8"},
    {file = "dearpygui-1.8.0-cp39-cp39-win_amd64.whl", hash = "sha256:9c1233e887f956df7747468f51459f583760fc2e82670cf0dc9b8adf54c8a01a"},
]

[[package]]
name = "pycodestyle"
version = "2.10.0"
description = "Python style guide checker"
category = "dev"
optional = false
python-versions = ">=3.6"
files = [
    {file = "pycodestyle-2.10.0-py2.py3-none-any.whl", hash = "sha256:8a4eaf0d0495c7395bdab3589ac2db602797d76207242c17d470186815706610"},
    {file = "pycodestyle-2.10.0.tar.gz", hash = "sha256:347187bdb476329d98f695c213d7295a846d1152ff4fe9bacb8a9590b8ee7053"},
]

[metadata]
lock-version = "2.0"
python-versions = "^3.11"
content-hash = "b840c2b5f607669e592bdf46e2e199c10f46a719c93e33d8de02a6a839e6a733"
